
Microsoft Visual Studio Solution File, Format Version 12.00
# Visual Studio Version 16
VisualStudioVersion = 16.0.31702.278
MinimumVisualStudioVersion = 10.0.40219.1
Project("{FAE04EC0-301F-11D3-BF4B-00C04F79EFBC}") = "BiggestOf3", "BiggestOf3\BiggestOf3.csproj", "{7E920205-DF5D-48BD-AF78-7847FB3B67EE}"
EndProject
Global
	GlobalSection(SolutionConfigurationPlatforms) = preSolution
		Debug|Any CPU = Debug|Any CPU
		Release|Any CPU = Release|Any CPU
	EndGlobalSection
	GlobalSection(ProjectConfigurationPlatforms) = postSolution
		{7E920205-DF5D-48BD-AF78-7847FB3B67EE}.Debug|Any CPU.ActiveCfg = Debug|Any CPU
		{7E920205-DF5D-48BD-AF78-7847FB3B67EE}.Debug|Any CPU.Build.0 = Debug|Any CPU
		{7E920205-DF5D-48BD-AF78-7847FB3B67EE}.Release|Any CPU.ActiveCfg = Release|Any CPU
		{7E920205-DF5D-48BD-AF78-7847FB3B67EE}.Release|Any CPU.Build.0 = Release|Any CPU
	EndGlobalSection
	GlobalSection(SolutionProperties) = preSolution
		HideSolutionNode = FALSE
	EndGlobalSection
	GlobalSection(ExtensibilityGlobals) = postSolution
		SolutionGuid = {BCA8006E-D8B4-4AB4-A3A0-95455CA3043B}
	EndGlobalSection
EndGlobal
